
Microsoft Visual Studio Solution File, Format Version 12.00
# Visual Studio Version 16
VisualStudioVersion = 16.0.30413.136
MinimumVisualStudioVersion = 10.0.40219.1
Project("{FAE04EC0-301F-11D3-BF4B-00C04F79EFBC}") = "COAN", "COAN\COAN.csproj", "{F6223EBF-8B1B-49B0-8FBB-D163FC7FC7AA}"
EndProject
Global
	GlobalSection(SolutionConfigurationPlatforms) = preSolution
		Debug|Any CPU = Debug|Any CPU
		Debug|Mixed Platforms = Debug|Mixed Platforms
		Debug|x86 = Debug|x86
		Release|Any CPU = Release|Any CPU
		Release|Mixed Platforms = Release|Mixed Platforms
		Release|x86 = Release|x86
	EndGlobalSection
	GlobalSection(ProjectConfigurationPlatforms) = postSolution
		{F6223EBF-8B1B-49B0-8FBB-D163FC7FC7AA}.Debug|Any CPU.ActiveCfg = Debug|x86
		{F6223EBF-8B1B-49B0-8FBB-D163FC7FC7AA}.Debug|Mixed Platforms.ActiveCfg = Debug|x86
		{F6223EBF-8B1B-49B0-8FBB-D163FC7FC7AA}.Debug|Mixed Platforms.Build.0 = Debug|x86
		{F6223EBF-8B1B-49B0-8FBB-D163FC7FC7AA}.Debug|x86.ActiveCfg = Debug|x86
		{F6223EBF-8B1B-49B0-8FBB-D163FC7FC7AA}.Debug|x86.Build.0 = Debug|x86
		{F6223EBF-8B1B-49B0-8FBB-D163FC7FC7AA}.Release|Any CPU.ActiveCfg = Release|x86
		{F6223EBF-8B1B-49B0-8FBB-D163FC7FC7AA}.Release|Mixed Platforms.ActiveCfg = Release|x86
		{F6223EBF-8B1B-49B0-8FBB-D163FC7FC7AA}.Release|Mixed Platforms.Build.0 = Release|x86
		{F6223EBF-8B1B-49B0-8FBB-D163FC7FC7AA}.Release|x86.ActiveCfg = Release|x86
		{F6223EBF-8B1B-49B0-8FBB-D163FC7FC7AA}.Release|x86.Build.0 = Release|x86
	EndGlobalSection
	GlobalSection(SolutionProperties) = preSolution
		HideSolutionNode = FALSE
	EndGlobalSection
	GlobalSection(ExtensibilityGlobals) = postSolution
		SolutionGuid = {D9277DB9-0CFD-4648-905B-828D92C03798}
	EndGlobalSection
EndGlobal
